
Microsoft Visual Studio Solution File, Format Version 12.00
# Visual Studio Version 16
VisualStudioVersion = 16.0.28803.202
MinimumVisualStudioVersion = 10.0.40219.1
Project("{9A19103F-16F7-4668-BE54-9A1E7A4F7556}") = "Netnr.Web", "Netnr.Web\Netnr.Web.csproj", "{2F5AF796-5032-49E3-8F67-B18AEE657B80}"
EndProject
Project("{9A19103F-16F7-4668-BE54-9A1E7A4F7556}") = "Netnr.Data", "Netnr.Data\Netnr.Data.csproj", "{EBF7A352-1143-4DAE-8F3A-4972B42533AA}"
EndProject
Project("{9A19103F-16F7-4668-BE54-9A1E7A4F7556}") = "Netnr.Domain", "Netnr.Domain\Netnr.Domain.csproj", "{8DBFC806-0828-43DA-811E-33AA52F94CB5}"
EndProject
Project("{9A19103F-16F7-4668-BE54-9A1E7A4F7556}") = "Netnr.Func", "Netnr.Func\Netnr.Func.csproj", "{D2C3EACF-FEB1-4A77-AAB6-335515318DEB}"
EndProject
Project("{9A19103F-16F7-4668-BE54-9A1E7A4F7556}") = "Netnr.Fast", "Netnr.Fast\Netnr.Fast.csproj", "{5B604739-E2A5-4232-A003-F696F0D5C643}"
EndProject
Project("{9A19103F-16F7-4668-BE54-9A1E7A4F7556}") = "Netnr.Guff", "Netnr.Guff\Netnr.Guff.csproj", "{D86BBA02-CDE6-440F-94F8-F170DE311DFC}"
EndProject
Project("{9A19103F-16F7-4668-BE54-9A1E7A4F7556}") = "Netnr.FileServer", "Netnr.FileServer\Netnr.FileServer.csproj", "{B2521F5F-B36E-4B90-9BB0-675CB85B8F2B}"
EndProject
Project("{2150E333-8FDC-42A3-9474-1A3956D46DE8}") = "00 P", "00 P", "{59F870A9-7945-4B1A-868F-62378A6E384D}"
EndProject
Project("{2150E333-8FDC-42A3-9474-1A3956D46DE8}") = "01 D", "01 D", "{82F27D07-1C25-404F-A17A-04B68FCF7F66}"
EndProject
Project("{2150E333-8FDC-42A3-9474-1A3956D46DE8}") = "02 A", "02 A", "{03C1C2E1-F708-4FCE-84F3-1DA48769E4EA}"
EndProject
Global
	GlobalSection(SolutionConfigurationPlatforms) = preSolution
		Debug|Any CPU = Debug|Any CPU
		Release|Any CPU = Release|Any CPU
	EndGlobalSection
	GlobalSection(ProjectConfigurationPlatforms) = postSolution
		{2F5AF796-5032-49E3-8F67-B18AEE657B80}.Debug|Any CPU.ActiveCfg = Debug|Any CPU
		{2F5AF796-5032-49E3-8F67-B18AEE657B80}.Debug|Any CPU.Build.0 = Debug|Any CPU
		{2F5AF796-5032-49E3-8F67-B18AEE657B80}.Release|Any CPU.ActiveCfg = Release|Any CPU
		{2F5AF796-5032-49E3-8F67-B18AEE657B80}.Release|Any CPU.Build.0 = Release|Any CPU
		{EBF7A352-1143-4DAE-8F3A-4972B42533AA}.Debug|Any CPU.ActiveCfg = Debug|Any CPU
		{EBF7A352-1143-4DAE-8F3A-4972B42533AA}.Debug|Any CPU.Build.0 = Debug|Any CPU
		{EBF7A352-1143-4DAE-8F3A-4972B42533AA}.Release|Any CPU.ActiveCfg = Release|Any CPU
		{EBF7A352-1143-4DAE-8F3A-4972B42533AA}.Release|Any CPU.Build.0 = Release|Any CPU
		{8DBFC806-0828-43DA-811E-33AA52F94CB5}.Debug|Any CPU.ActiveCfg = Debug|Any CPU
		{8DBFC806-0828-43DA-811E-33AA52F94CB5}.Debug|Any CPU.Build.0 = Debug|Any CPU
		{8DBFC806-0828-43DA-811E-33AA52F94CB5}.Release|Any CPU.ActiveCfg = Release|Any CPU
		{8DBFC806-0828-43DA-811E-33AA52F94CB5}.Release|Any CPU.Build.0 = Release|Any CPU
		{D2C3EACF-FEB1-4A77-AAB6-335515318DEB}.Debug|Any CPU.ActiveCfg = Debug|Any CPU
		{D2C3EACF-FEB1-4A77-AAB6-335515318DEB}.Debug|Any CPU.Build.0 = Debug|Any CPU
		{D2C3EACF-FEB1-4A77-AAB6-335515318DEB}.Release|Any CPU.ActiveCfg = Release|Any CPU
		{D2C3EACF-FEB1-4A77-AAB6-335515318DEB}.Release|Any CPU.Build.0 = Release|Any CPU
		{5B604739-E2A5-4232-A003-F696F0D5C643}.Debug|Any CPU.ActiveCfg = Debug|Any CPU
		{5B604739-E2A5-4232-A003-F696F0D5C643}.Debug|Any CPU.Build.0 = Debug|Any CPU
		{5B604739-E2A5-4232-A003-F696F0D5C643}.Release|Any CPU.ActiveCfg = Release|Any CPU
		{5B604739-E2A5-4232-A003-F696F0D5C643}.Release|Any CPU.Build.0 = Release|Any CPU
		{D86BBA02-CDE6-440F-94F8-F170DE311DFC}.Debug|Any CPU.ActiveCfg = Debug|Any CPU
		{D86BBA02-CDE6-440F-94F8-F170DE311DFC}.Debug|Any CPU.Build.0 = Debug|Any CPU
		{D86BBA02-CDE6-440F-94F8-F170DE311DFC}.Release|Any CPU.ActiveCfg = Release|Any CPU
		{D86BBA02-CDE6-440F-94F8-F170DE311DFC}.Release|Any CPU.Build.0 = Release|Any CPU
		{B2521F5F-B36E-4B90-9BB0-675CB85B8F2B}.Debug|Any CPU.ActiveCfg = Debug|Any CPU
		{B2521F5F-B36E-4B90-9BB0-675CB85B8F2B}.Debug|Any CPU.Build.0 = Debug|Any CPU
		{B2521F5F-B36E-4B90-9BB0-675CB85B8F2B}.Release|Any CPU.ActiveCfg = Release|Any CPU
		{B2521F5F-B36E-4B90-9BB0-675CB85B8F2B}.Release|Any CPU.Build.0 = Release|Any CPU
	EndGlobalSection
	GlobalSection(SolutionProperties) = preSolution
		HideSolutionNode = FALSE
	EndGlobalSection
	GlobalSection(NestedProjects) = preSolution
		{EBF7A352-1143-4DAE-8F3A-4972B42533AA} = {82F27D07-1C25-404F-A17A-04B68FCF7F66}
		{8DBFC806-0828-43DA-811E-33AA52F94CB5} = {82F27D07-1C25-404F-A17A-04B68FCF7F66}
		{D2C3EACF-FEB1-4A77-AAB6-335515318DEB} = {03C1C2E1-F708-4FCE-84F3-1DA48769E4EA}
		{5B604739-E2A5-4232-A003-F696F0D5C643} = {59F870A9-7945-4B1A-868F-62378A6E384D}
	EndGlobalSection
	GlobalSection(ExtensibilityGlobals) = postSolution
		SolutionGuid = {0EA86544-49B9-4641-9F2C-556FFFCB5492}
	EndGlobalSection
EndGlobal
